
Microsoft Visual Studio Solution File, Format Version 12.00
# Visual Studio Version 17
VisualStudioVersion = 17.2.32602.215
MinimumVisualStudioVersion = 10.0.40219.1
Project("{FAE04EC0-301F-11D3-BF4B-00C04F79EFBC}") = "KeyboardHookLite", "KeyboardHookLite.csproj", "{1B5F57FE-1110-4548-993D-117BBB7E2D96}"
EndProject
Global
	GlobalSection(SolutionConfigurationPlatforms) = preSolution
		Debug|Any CPU = Debug|Any CPU
		Release|Any CPU = Release|Any CPU
	EndGlobalSection
	GlobalSection(ProjectConfigurationPlatforms) = postSolution
		{1B5F57FE-1110-4548-993D-117BBB7E2D96}.Debug|Any CPU.ActiveCfg = Debug|Any CPU
		{1B5F57FE-1110-4548-993D-117BBB7E2D96}.Debug|Any CPU.Build.0 = Debug|Any CPU
		{1B5F57FE-1110-4548-993D-117BBB7E2D96}.Release|Any CPU.ActiveCfg = Release|Any CPU
		{1B5F57FE-1110-4548-993D-117BBB7E2D96}.Release|Any CPU.Build.0 = Release|Any CPU
	EndGlobalSection
	GlobalSection(SolutionProperties) = preSolution
		HideSolutionNode = FALSE
	EndGlobalSection
	GlobalSection(ExtensibilityGlobals) = postSolution
		SolutionGuid = {925B7270-6E99-4489-8F6C-F376FD237CF2}
	EndGlobalSection
EndGlobal
